
Microsoft Visual Studio Solution File, Format Version 12.00
# Visual Studio 15
VisualStudioVersion = 15.0.28307.271
MinimumVisualStudioVersion = 10.0.40219.1
Project("{FAE04EC0-301F-11D3-BF4B-00C04F79EFBC}") = "Seminarska", "Seminarska\Seminarska.csproj", "{F2032C65-03C3-4D3A-A377-3E2678B7B74D}"
EndProject
Global
	GlobalSection(SolutionConfigurationPlatforms) = preSolution
		Debug|Any CPU = Debug|Any CPU
		Release|Any CPU = Release|Any CPU
	EndGlobalSection
	GlobalSection(ProjectConfigurationPlatforms) = postSolution
		{F2032C65-03C3-4D3A-A377-3E2678B7B74D}.Debug|Any CPU.ActiveCfg = Debug|Any CPU
		{F2032C65-03C3-4D3A-A377-3E2678B7B74D}.Debug|Any CPU.Build.0 = Debug|Any CPU
		{F2032C65-03C3-4D3A-A377-3E2678B7B74D}.Release|Any CPU.ActiveCfg = Release|Any CPU
		{F2032C65-03C3-4D3A-A377-3E2678B7B74D}.Release|Any CPU.Build.0 = Release|Any CPU
	EndGlobalSection
	GlobalSection(SolutionProperties) = preSolution
		HideSolutionNode = FALSE
	EndGlobalSection
	GlobalSection(ExtensibilityGlobals) = postSolution
		SolutionGuid = {B0DE5BD3-7B3E-4D81-96BF-FFB1439832B3}
	EndGlobalSection
EndGlobal
